# This file is generated by running "yarn install" inside your project.
# Manual changes might be lost - proceed with caution!

__metadata:
  version: 8
  cacheKey: 10c0

"@biomejs/biome@npm:^2.3.14":
  version: 2.3.14
  resolution: "@biomejs/biome@npm:2.3.14"
  dependencies:
    "@biomejs/cli-darwin-arm64": "npm:2.3.14"
    "@biomejs/cli-darwin-x64": "npm:2.3.14"
    "@biomejs/cli-linux-arm64": "npm:2.3.14"
    "@biomejs/cli-linux-arm64-musl": "npm:2.3.14"
    "@biomejs/cli-linux-x64": "npm:2.3.14"
    "@biomejs/cli-linux-x64-musl": "npm:2.3.14"
    "@biomejs/cli-win32-arm64": "npm:2.3.14"
    "@biomejs/cli-win32-x64": "npm:2.3.14"
  dependenciesMeta:
    "@biomejs/cli-darwin-arm64":
      optional: true
    "@biomejs/cli-darwin-x64":
      optional: true
    "@biomejs/cli-linux-arm64":
      optional: true
    "@biomejs/cli-linux-arm64-musl":
      optional: true
    "@biomejs/cli-linux-x64":
      optional: true
    "@biomejs/cli-linux-x64-musl":
      optional: true
    "@biomejs/cli-win32-arm64":
      optional: true
    "@biomejs/cli-win32-x64":
      optional: true
  bin:
    biome: bin/biome
  checksum: 10c0/7dc4c0354c59046a24cc23e69465e0d7def81ba85e2039268b828461c5f0978693c68d917e08c554474392314a9b7039fed50487e8fc4b96d039f2f63b1b829a
  languageName: node
  linkType: hard

"@biomejs/cli-darwin-arm64@npm:2.3.14":
  version: 2.3.14
  resolution: "@biomejs/cli-darwin-arm64@npm:2.3.14"
  conditions: os=darwin & cpu=arm64
  languageName: node
  linkType: hard

"@biomejs/cli-darwin-x64@npm:2.3.14":
  version: 2.3.14
  resolution: "@biomejs/cli-darwin-x64@npm:2.3.14"
  conditions: os=darwin & cpu=x64
  languageName: node
  linkType: hard

"@biomejs/cli-linux-arm64-musl@npm:2.3.14":
  version: 2.3.14
  resolution: "@biomejs/cli-linux-arm64-musl@npm:2.3.14"
  conditions: os=linux & cpu=arm64 & libc=musl
  languageName: node
  linkType: hard

"@biomejs/cli-linux-arm64@npm:2.3.14":
  version: 2.3.14
  resolution: "@biomejs/cli-linux-arm64@npm:2.3.14"
  conditions: os=linux & cpu=arm64 & libc=glibc
  languageName: node
  linkType: hard

"@biomejs/cli-linux-x64-musl@npm:2.3.14":
  version: 2.3.14
  resolution: "@biomejs/cli-linux-x64-musl@npm:2.3.14"
  conditions: os=linux & cpu=x64 & libc=musl
  languageName: node
  linkType: hard

"@biomejs/cli-linux-x64@npm:2.3.14":
  version: 2.3.14
  resolution: "@biomejs/cli-linux-x64@npm:2.3.14"
  conditions: os=linux & cpu=x64 & libc=glibc
  languageName: node
  linkType: hard

"@biomejs/cli-win32-arm64@npm:2.3.14":
  version: 2.3.14
  resolution: "@biomejs/cli-win32-arm64@npm:2.3.14"
  conditions: os=win32 & cpu=arm64
  languageName: node
  linkType: hard

"@biomejs/cli-win32-x64@npm:2.3.14":
  version: 2.3.14
  resolution: "@biomejs/cli-win32-x64@npm:2.3.14"
  conditions: os=win32 & cpu=x64
  languageName: node
  linkType: hard

"@dotenvx/dotenvx@npm:^1.52.0":
  version: 1.52.0
  resolution: "@dotenvx/dotenvx@npm:1.52.0"
  dependencies:
    commander: "npm:^11.1.0"
    dotenv: "npm:^17.2.1"
    eciesjs: "npm:^0.4.10"
    execa: "npm:^5.1.1"
    fdir: "npm:^6.2.0"
    ignore: "npm:^5.3.0"
    object-treeify: "npm:1.1.33"
    picomatch: "npm:^4.0.2"
    which: "npm:^4.0.0"
  bin:
    dotenvx: src/cli/dotenvx.js
  checksum: 10c0/dde557dbb11c16460267ec0e3e4551298f89ea88c6b98fb6fc210dc2c3aa892b15e8e13a9dcb5d30ea1aa0afc4f37045f9150ad670b01c3b9b8e9f778a1eefcf
  languageName: node
  linkType: hard

"@ecies/ciphers@npm:^0.2.5":
  version: 0.2.5
  resolution: "@ecies/ciphers@npm:0.2.5"
  peerDependencies:
    "@noble/ciphers": ^1.0.0
  checksum: 10c0/fcc08327216d225310596dc5d6a25da919e641e271c1895384e068fdd910e835271a103c5105aaa8ea24b33931b7d1975341b044919d38fd586e8ad8e0f33be6
  languageName: node
  linkType: hard

"@grammyjs/types@npm:3.23.0":
  version: 3.23.0
  resolution: "@grammyjs/types@npm:3.23.0"
  checksum: 10c0/40d2183064b1d763f48f2a4abcac594199f2fbcfa9df0aac65496627871522ed86c13984622aa60cbcc01ad03d8ebb4c19210bfa43d7a90518a0e8bfd8bd8231
  languageName: node
  linkType: hard

"@noble/ciphers@npm:^1.3.0":
  version: 1.3.0
  resolution: "@noble/ciphers@npm:1.3.0"
  checksum: 10c0/3ba6da645ce45e2f35e3b2e5c87ceba86b21dfa62b9466ede9edfb397f8116dae284f06652c0cd81d99445a2262b606632e868103d54ecc99fd946ae1af8cd37
  languageName: node
  linkType: hard

"@noble/curves@npm:^1.9.7":
  version: 1.9.7
  resolution: "@noble/curves@npm:1.9.7"
  dependencies:
    "@noble/hashes": "npm:1.8.0"
  checksum: 10c0/150014751ebe8ca06a8654ca2525108452ea9ee0be23430332769f06808cddabfe84f248b6dbf836916bc869c27c2092957eec62c7506d68a1ed0a624017c2a3
  languageName: node
  linkType: hard

"@noble/hashes@npm:1.8.0, @noble/hashes@npm:^1.8.0":
  version: 1.8.0
  resolution: "@noble/hashes@npm:1.8.0"
  checksum: 10c0/06a0b52c81a6fa7f04d67762e08b2c476a00285858150caeaaff4037356dd5e119f45b2a530f638b77a5eeca013168ec1b655db41bae3236cb2e9d511484fc77
  languageName: node
  linkType: hard

"@pawka/price-bot@workspace:.":
  version: 0.0.0-use.local
  resolution: "@pawka/price-bot@workspace:."
  dependencies:
    "@biomejs/biome": "npm:^2.3.14"
    "@dotenvx/dotenvx": "npm:^1.52.0"
    "@types/node": "npm:^25.2.2"
    cron: "npm:^4.4.0"
    env-var: "npm:^7.5.0"
    grammy: "npm:^1.39.3"
    pino: "npm:^10.3.0"
    pino-pretty: "npm:^13.1.3"
    undici: "npm:^7.21.0"
  languageName: unknown
  linkType: soft

"@pinojs/redact@npm:^0.4.0":
  version: 0.4.0
  resolution: "@pinojs/redact@npm:0.4.0"
  checksum: 10c0/4b311ba17ee0cf154ff9c39eb063ec04cd0d0017cb3750efcdf06c2d485df3e1095e13e872175993568c5568c23e4508dd877c981bbc9c5ae5e384d569efcdff
  languageName: node
  linkType: hard

"@types/luxon@npm:~3.7.0":
  version: 3.7.1
  resolution: "@types/luxon@npm:3.7.1"
  checksum: 10c0/2db30c13b58adcd86daa447faa3ba59515fe907ead8ee3e6bb716d662812af0619d712f6c1eb190cdd7f9d2c00444c3ecd80af0f36e8143eb0c5e7339d6b2aca
  languageName: node
  linkType: hard

"@types/node@npm:^25.2.2":
  version: 25.2.2
  resolution: "@types/node@npm:25.2.2"
  dependencies:
    undici-types: "npm:~7.16.0"
  checksum: 10c0/45aa45b00df0aac4712c2d6e934a6ed21ac54e0284dd726df1c7620b8c7d36a4fb601b9f8fe1d2951298d1ee7618cf8275688e329c295eb36e8b8fa827a8e334
  languageName: node
  linkType: hard

"abort-controller@npm:^3.0.0":
  version: 3.0.0
  resolution: "abort-controller@npm:3.0.0"
  dependencies:
    event-target-shim: "npm:^5.0.0"
  checksum: 10c0/90ccc50f010250152509a344eb2e71977fbf8db0ab8f1061197e3275ddf6c61a41a6edfd7b9409c664513131dd96e962065415325ef23efa5db931b382d24ca5
  languageName: node
  linkType: hard

"atomic-sleep@npm:^1.0.0":
  version: 1.0.0
  resolution: "atomic-sleep@npm:1.0.0"
  checksum: 10c0/e329a6665512736a9bbb073e1761b4ec102f7926cce35037753146a9db9c8104f5044c1662e4a863576ce544fb8be27cd2be6bc8c1a40147d03f31eb1cfb6e8a
  languageName: node
  linkType: hard

"colorette@npm:^2.0.7":
  version: 2.0.20
  resolution: "colorette@npm:2.0.20"
  checksum: 10c0/e94116ff33b0ff56f3b83b9ace895e5bf87c2a7a47b3401b8c3f3226e050d5ef76cf4072fb3325f9dc24d1698f9b730baf4e05eeaf861d74a1883073f4c98a40
  languageName: node
  linkType: hard

"commander@npm:^11.1.0":
  version: 11.1.0
  resolution: "commander@npm:11.1.0"
  checksum: 10c0/13cc6ac875e48780250f723fb81c1c1178d35c5decb1abb1b628b3177af08a8554e76b2c0f29de72d69eef7c864d12613272a71fabef8047922bc622ab75a179
  languageName: node
  linkType: hard

"cron@npm:^4.4.0":
  version: 4.4.0
  resolution: "cron@npm:4.4.0"
  dependencies:
    "@types/luxon": "npm:~3.7.0"
    luxon: "npm:~3.7.0"
  checksum: 10c0/e3762fda4a9a2404ac2e54e1104a3c6c695747e14b2321bbc5531aa1192c75a319075695fcaf68b6927e0ffd877b5454f314c680f6586db1a78b2c25b76b8a32
  languageName: node
  linkType: hard

"cross-spawn@npm:^7.0.3":
  version: 7.0.6
  resolution: "cross-spawn@npm:7.0.6"
  dependencies:
    path-key: "npm:^3.1.0"
    shebang-command: "npm:^2.0.0"
    which: "npm:^2.0.1"
  checksum: 10c0/053ea8b2135caff68a9e81470e845613e374e7309a47731e81639de3eaeb90c3d01af0e0b44d2ab9d50b43467223b88567dfeb3262db942dc063b9976718ffc1
  languageName: node
  linkType: hard

"dateformat@npm:^4.6.3":
  version: 4.6.3
  resolution: "dateformat@npm:4.6.3"
  checksum: 10c0/e2023b905e8cfe2eb8444fb558562b524807a51cdfe712570f360f873271600b5c94aebffaf11efb285e2c072264a7cf243eadb68f3eba0f8cc85fb86cd25df6
  languageName: node
  linkType: hard

"debug@npm:^4.4.3":
  version: 4.4.3
  resolution: "debug@npm:4.4.3"
  dependencies:
    ms: "npm:^2.1.3"
  peerDependenciesMeta:
    supports-color:
      optional: true
  checksum: 10c0/d79136ec6c83ecbefd0f6a5593da6a9c91ec4d7ddc4b54c883d6e71ec9accb5f67a1a5e96d00a328196b5b5c86d365e98d8a3a70856aaf16b4e7b1985e67f5a6
  languageName: node
  linkType: hard

"dotenv@npm:^17.2.1":
  version: 17.2.4
  resolution: "dotenv@npm:17.2.4"
  checksum: 10c0/901aeee9cb40860291bdb452f6ca66aada78438331a026b0bd86fd41b94a79752dbc6a8971f4f26e6cafef11b4a27bb12ea99c0cbe7dfa61791f194727f799e5
  languageName: node
  linkType: hard

"eciesjs@npm:^0.4.10":
  version: 0.4.17
  resolution: "eciesjs@npm:0.4.17"
  dependencies:
    "@ecies/ciphers": "npm:^0.2.5"
    "@noble/ciphers": "npm:^1.3.0"
    "@noble/curves": "npm:^1.9.7"
    "@noble/hashes": "npm:^1.8.0"
  checksum: 10c0/18fc6c1f9591ac5c80bd5bcc0741a99583ca41363de63db232118b5b61ae1a1fe3b8ac68f2d06e6a0ca24e59a608c53eb51f304e7c438215a1dcdf5dc0ba0aa6
  languageName: node
  linkType: hard

"end-of-stream@npm:^1.1.0":
  version: 1.4.5
  resolution: "end-of-stream@npm:1.4.5"
  dependencies:
    once: "npm:^1.4.0"
  checksum: 10c0/b0701c92a10b89afb1cb45bf54a5292c6f008d744eb4382fa559d54775ff31617d1d7bc3ef617575f552e24fad2c7c1a1835948c66b3f3a4be0a6c1f35c883d8
  languageName: node
  linkType: hard

"env-var@npm:^7.5.0":
  version: 7.5.0
  resolution: "env-var@npm:7.5.0"
  checksum: 10c0/7eb93446417b2a1caaec213ffa1a28686a23d18f9364c9c007c113bedabf4632f8890a95b23022f3ac59351807f8ed27fce3ea68f85462406d7d19b2f6c75e88
  languageName: node
  linkType: hard

"event-target-shim@npm:^5.0.0":
  version: 5.0.1
  resolution: "event-target-shim@npm:5.0.1"
  checksum: 10c0/0255d9f936215fd206156fd4caa9e8d35e62075d720dc7d847e89b417e5e62cf1ce6c9b4e0a1633a9256de0efefaf9f8d26924b1f3c8620cffb9db78e7d3076b
  languageName: node
  linkType: hard

"execa@npm:^5.1.1":
  version: 5.1.1
  resolution: "execa@npm:5.1.1"
  dependencies:
    cross-spawn: "npm:^7.0.3"
    get-stream: "npm:^6.0.0"
    human-signals: "npm:^2.1.0"
    is-stream: "npm:^2.0.0"
    merge-stream: "npm:^2.0.0"
    npm-run-path: "npm:^4.0.1"
    onetime: "npm:^5.1.2"
    signal-exit: "npm:^3.0.3"
    strip-final-newline: "npm:^2.0.0"
  checksum: 10c0/c8e615235e8de4c5addf2fa4c3da3e3aa59ce975a3e83533b4f6a71750fb816a2e79610dc5f1799b6e28976c9ae86747a36a606655bf8cb414a74d8d507b304f
  languageName: node
  linkType: hard

"fast-copy@npm:^4.0.0":
  version: 4.0.2
  resolution: "fast-copy@npm:4.0.2"
  checksum: 10c0/f8e51483ce1761e3ba21a07cbd2149afd99a62230aa8025acc6ce4c818000a52c94ebb80960d63953ff01677b7886841f250395e462ad9a54bef39cce1834343
  languageName: node
  linkType: hard

"fast-safe-stringify@npm:^2.1.1":
  version: 2.1.1
  resolution: "fast-safe-stringify@npm:2.1.1"
  checksum: 10c0/d90ec1c963394919828872f21edaa3ad6f1dddd288d2bd4e977027afff09f5db40f94e39536d4646f7e01761d704d72d51dce5af1b93717f3489ef808f5f4e4d
  languageName: node
  linkType: hard

"fdir@npm:^6.2.0":
  version: 6.5.0
  resolution: "fdir@npm:6.5.0"
  peerDependencies:
    picomatch: ^3 || ^4
  peerDependenciesMeta:
    picomatch:
      optional: true
  checksum: 10c0/e345083c4306b3aed6cb8ec551e26c36bab5c511e99ea4576a16750ddc8d3240e63826cc624f5ae17ad4dc82e68a253213b60d556c11bfad064b7607847ed07f
  languageName: node
  linkType: hard

"get-stream@npm:^6.0.0":
  version: 6.0.1
  resolution: "get-stream@npm:6.0.1"
  checksum: 10c0/49825d57d3fd6964228e6200a58169464b8e8970489b3acdc24906c782fb7f01f9f56f8e6653c4a50713771d6658f7cfe051e5eb8c12e334138c9c918b296341
  languageName: node
  linkType: hard

"grammy@npm:^1.39.3":
  version: 1.39.3
  resolution: "grammy@npm:1.39.3"
  dependencies:
    "@grammyjs/types": "npm:3.23.0"
    abort-controller: "npm:^3.0.0"
    debug: "npm:^4.4.3"
    node-fetch: "npm:^2.7.0"
  checksum: 10c0/530a8bd1e2040fe35c5857ecc6fea562e8a1706682bacfcec5db1d6a32d2b7bcda238dcac96b055b1e58a6d5fc6815bcb76fc136c9b28f2025ca28337eeeebd0
  languageName: node
  linkType: hard

"help-me@npm:^5.0.0":
  version: 5.0.0
  resolution: "help-me@npm:5.0.0"
  checksum: 10c0/054c0e2e9ae2231c85ab5e04f75109b9d068ffcc54e58fb22079822a5ace8ff3d02c66fd45379c902ad5ab825e5d2e1451fcc2f7eab1eb49e7d488133ba4cacb
  languageName: node
  linkType: hard

"human-signals@npm:^2.1.0":
  version: 2.1.0
  resolution: "human-signals@npm:2.1.0"
  checksum: 10c0/695edb3edfcfe9c8b52a76926cd31b36978782062c0ed9b1192b36bebc75c4c87c82e178dfcb0ed0fc27ca59d434198aac0bd0be18f5781ded775604db22304a
  languageName: node
  linkType: hard

"ignore@npm:^5.3.0":
  version: 5.3.2
  resolution: "ignore@npm:5.3.2"
  checksum: 10c0/f9f652c957983634ded1e7f02da3b559a0d4cc210fca3792cb67f1b153623c9c42efdc1c4121af171e295444459fc4a9201101fb041b1104a3c000bccb188337
  languageName: node
  linkType: hard

"is-stream@npm:^2.0.0":
  version: 2.0.1
  resolution: "is-stream@npm:2.0.1"
  checksum: 10c0/7c284241313fc6efc329b8d7f08e16c0efeb6baab1b4cd0ba579eb78e5af1aa5da11e68559896a2067cd6c526bd29241dda4eb1225e627d5aa1a89a76d4635a5
  languageName: node
  linkType: hard

"isexe@npm:^2.0.0":
  version: 2.0.0
  resolution: "isexe@npm:2.0.0"
  checksum: 10c0/228cfa503fadc2c31596ab06ed6aa82c9976eec2bfd83397e7eaf06d0ccf42cd1dfd6743bf9aeb01aebd4156d009994c5f76ea898d2832c1fe342da923ca457d
  languageName: node
  linkType: hard

"isexe@npm:^3.1.1":
  version: 3.1.4
  resolution: "isexe@npm:3.1.4"
  checksum: 10c0/6e1f78dd794118d263319c27c26a339eda6855b43e11e1a9013cb68578ce0396b74f11ea635e52b9466fb48a60abe70f3c9faf682f67988be092cf89b7c0dc1c
  languageName: node
  linkType: hard

"joycon@npm:^3.1.1":
  version: 3.1.1
  resolution: "joycon@npm:3.1.1"
  checksum: 10c0/131fb1e98c9065d067fd49b6e685487ac4ad4d254191d7aa2c9e3b90f4e9ca70430c43cad001602bdbdabcf58717d3b5c5b7461c1bd8e39478c8de706b3fe6ae
  languageName: node
  linkType: hard

"luxon@npm:~3.7.0":
  version: 3.7.2
  resolution: "luxon@npm:3.7.2"
  checksum: 10c0/ed8f0f637826c08c343a29dd478b00628be93bba6f068417b1d8896b61cb61c6deacbe1df1e057dbd9298334044afa150f9aaabbeb3181418ac8520acfdc2ae2
  languageName: node
  linkType: hard

"merge-stream@npm:^2.0.0":
  version: 2.0.0
  resolution: "merge-stream@npm:2.0.0"
  checksum: 10c0/867fdbb30a6d58b011449b8885601ec1690c3e41c759ecd5a9d609094f7aed0096c37823ff4a7190ef0b8f22cc86beb7049196ff68c016e3b3c671d0dac91ce5
  languageName: node
  linkType: hard

"mimic-fn@npm:^2.1.0":
  version: 2.1.0
  resolution: "mimic-fn@npm:2.1.0"
  checksum: 10c0/b26f5479d7ec6cc2bce275a08f146cf78f5e7b661b18114e2506dd91ec7ec47e7a25bf4360e5438094db0560bcc868079fb3b1fb3892b833c1ecbf63f80c95a4
  languageName: node
  linkType: hard

"minimist@npm:^1.2.6":
  version: 1.2.8
  resolution: "minimist@npm:1.2.8"
  checksum: 10c0/19d3fcdca050087b84c2029841a093691a91259a47def2f18222f41e7645a0b7c44ef4b40e88a1e58a40c84d2ef0ee6047c55594d298146d0eb3f6b737c20ce6
  languageName: node
  linkType: hard

"ms@npm:^2.1.3":
  version: 2.1.3
  resolution: "ms@npm:2.1.3"
  checksum: 10c0/d924b57e7312b3b63ad21fc5b3dc0af5e78d61a1fc7cfb5457edaf26326bf62be5307cc87ffb6862ef1c2b33b0233cdb5d4f01c4c958cc0d660948b65a287a48
  languageName: node
  linkType: hard

"node-fetch@npm:^2.7.0":
  version: 2.7.0
  resolution: "node-fetch@npm:2.7.0"
  dependencies:
    whatwg-url: "npm:^5.0.0"
  peerDependencies:
    encoding: ^0.1.0
  peerDependenciesMeta:
    encoding:
      optional: true
  checksum: 10c0/b55786b6028208e6fbe594ccccc213cab67a72899c9234eb59dba51062a299ea853210fcf526998eaa2867b0963ad72338824450905679ff0fa304b8c5093ae8
  languageName: node
  linkType: hard

"npm-run-path@npm:^4.0.1":
  version: 4.0.1
  resolution: "npm-run-path@npm:4.0.1"
  dependencies:
    path-key: "npm:^3.0.0"
  checksum: 10c0/6f9353a95288f8455cf64cbeb707b28826a7f29690244c1e4bb61ec573256e021b6ad6651b394eb1ccfd00d6ec50147253aba2c5fe58a57ceb111fad62c519ac
  languageName: node
  linkType: hard

"object-treeify@npm:1.1.33":
  version: 1.1.33
  resolution: "object-treeify@npm:1.1.33"
  checksum: 10c0/5b735ac552200bf14f9892ce58295303e8d15a8cc7a0fd4fe6ff99923ab0c196fb70a870ab2a0eefc6820c4acb49e614b88c72d344b9c6bd22584a3efbd386fe
  languageName: node
  linkType: hard

"on-exit-leak-free@npm:^2.1.0":
  version: 2.1.2
  resolution: "on-exit-leak-free@npm:2.1.2"
  checksum: 10c0/faea2e1c9d696ecee919026c32be8d6a633a7ac1240b3b87e944a380e8a11dc9c95c4a1f8fb0568de7ab8db3823e790f12bda45296b1d111e341aad3922a0570
  languageName: node
  linkType: hard

"once@npm:^1.3.1, once@npm:^1.4.0":
  version: 1.4.0
  resolution: "once@npm:1.4.0"
  dependencies:
    wrappy: "npm:1"
  checksum: 10c0/5d48aca287dfefabd756621c5dfce5c91a549a93e9fdb7b8246bc4c4790aa2ec17b34a260530474635147aeb631a2dcc8b32c613df0675f96041cbb8244517d0
  languageName: node
  linkType: hard

"onetime@npm:^5.1.2":
  version: 5.1.2
  resolution: "onetime@npm:5.1.2"
  dependencies:
    mimic-fn: "npm:^2.1.0"
  checksum: 10c0/ffcef6fbb2692c3c40749f31ea2e22677a876daea92959b8a80b521d95cca7a668c884d8b2045d1d8ee7d56796aa405c405462af112a1477594cc63531baeb8f
  languageName: node
  linkType: hard

"path-key@npm:^3.0.0, path-key@npm:^3.1.0":
  version: 3.1.1
  resolution: "path-key@npm:3.1.1"
  checksum: 10c0/748c43efd5a569c039d7a00a03b58eecd1d75f3999f5a28303d75f521288df4823bc057d8784eb72358b2895a05f29a070bc9f1f17d28226cc4e62494cc58c4c
  languageName: node
  linkType: hard

"picomatch@npm:^4.0.2":
  version: 4.0.3
  resolution: "picomatch@npm:4.0.3"
  checksum: 10c0/9582c951e95eebee5434f59e426cddd228a7b97a0161a375aed4be244bd3fe8e3a31b846808ea14ef2c8a2527a6eeab7b3946a67d5979e81694654f939473ae2
  languageName: node
  linkType: hard

"pino-abstract-transport@npm:^3.0.0":
  version: 3.0.0
  resolution: "pino-abstract-transport@npm:3.0.0"
  dependencies:
    split2: "npm:^4.0.0"
  checksum: 10c0/4486e1b9508110aaf963d07741ac98d660b974dd51d8ad42077d215118e27cda20c64da46c07c926898d52540aab7c6b9c37dc0f5355c203bb1d6a72b5bd8d6c
  languageName: node
  linkType: hard

"pino-pretty@npm:^13.1.3":
  version: 13.1.3
  resolution: "pino-pretty@npm:13.1.3"
  dependencies:
    colorette: "npm:^2.0.7"
    dateformat: "npm:^4.6.3"
    fast-copy: "npm:^4.0.0"
    fast-safe-stringify: "npm:^2.1.1"
    help-me: "npm:^5.0.0"
    joycon: "npm:^3.1.1"
    minimist: "npm:^1.2.6"
    on-exit-leak-free: "npm:^2.1.0"
    pino-abstract-transport: "npm:^3.0.0"
    pump: "npm:^3.0.0"
    secure-json-parse: "npm:^4.0.0"
    sonic-boom: "npm:^4.0.1"
    strip-json-comments: "npm:^5.0.2"
  bin:
    pino-pretty: bin.js
  checksum: 10c0/36fa382521a893290c8f6a5b2ddc28dfb87fda1d161adb6b97d80bf7d24184970d0a7eab6f8ee45c39aff4b2ec3b2e533c756899798adc270010f34ba4411063
  languageName: node
  linkType: hard

"pino-std-serializers@npm:^7.0.0":
  version: 7.1.0
  resolution: "pino-std-serializers@npm:7.1.0"
  checksum: 10c0/d158615aa93ebdeac2d3912ad4227a23ef78cf14229e886214771f581e96eff312257f2d6368c75b2fbf53e5024eda475d81305014f4ed1a6d5eeab9107f6ef0
  languageName: node
  linkType: hard

"pino@npm:^10.3.0":
  version: 10.3.0
  resolution: "pino@npm:10.3.0"
  dependencies:
    "@pinojs/redact": "npm:^0.4.0"
    atomic-sleep: "npm:^1.0.0"
    on-exit-leak-free: "npm:^2.1.0"
    pino-abstract-transport: "npm:^3.0.0"
    pino-std-serializers: "npm:^7.0.0"
    process-warning: "npm:^5.0.0"
    quick-format-unescaped: "npm:^4.0.3"
    real-require: "npm:^0.2.0"
    safe-stable-stringify: "npm:^2.3.1"
    sonic-boom: "npm:^4.0.1"
    thread-stream: "npm:^4.0.0"
  bin:
    pino: bin.js
  checksum: 10c0/cfbbc7dfaa2df2aa2dce728d751aa4b5b7ab973b2cd4bfff57868567563ef0c1c021f22932769141d535c72662390e09a0190e44f4413496dbe5e3c672816308
  languageName: node
  linkType: hard

"process-warning@npm:^5.0.0":
  version: 5.0.0
  resolution: "process-warning@npm:5.0.0"
  checksum: 10c0/941f48863d368ec161e0b5890ba0c6af94170078f3d6b5e915c19b36fb59edb0dc2f8e834d25e0d375a8bf368a49d490f080508842168832b93489d17843ec29
  languageName: node
  linkType: hard

"pump@npm:^3.0.0":
  version: 3.0.3
  resolution: "pump@npm:3.0.3"
  dependencies:
    end-of-stream: "npm:^1.1.0"
    once: "npm:^1.3.1"
  checksum: 10c0/ada5cdf1d813065bbc99aa2c393b8f6beee73b5de2890a8754c9f488d7323ffd2ca5f5a0943b48934e3fcbd97637d0337369c3c631aeb9614915db629f1c75c9
  languageName: node
  linkType: hard

"quick-format-unescaped@npm:^4.0.3":
  version: 4.0.4
  resolution: "quick-format-unescaped@npm:4.0.4"
  checksum: 10c0/fe5acc6f775b172ca5b4373df26f7e4fd347975578199e7d74b2ae4077f0af05baa27d231de1e80e8f72d88275ccc6028568a7a8c9ee5e7368ace0e18eff93a4
  languageName: node
  linkType: hard

"real-require@npm:^0.2.0":
  version: 0.2.0
  resolution: "real-require@npm:0.2.0"
  checksum: 10c0/23eea5623642f0477412ef8b91acd3969015a1501ed34992ada0e3af521d3c865bb2fe4cdbfec5fe4b505f6d1ef6a03e5c3652520837a8c3b53decff7e74b6a0
  languageName: node
  linkType: hard

"safe-stable-stringify@npm:^2.3.1":
  version: 2.5.0
  resolution: "safe-stable-stringify@npm:2.5.0"
  checksum: 10c0/baea14971858cadd65df23894a40588ed791769db21bafb7fd7608397dbdce9c5aac60748abae9995e0fc37e15f2061980501e012cd48859740796bea2987f49
  languageName: node
  linkType: hard

"secure-json-parse@npm:^4.0.0":
  version: 4.1.0
  resolution: "secure-json-parse@npm:4.1.0"
  checksum: 10c0/52b3f8125ea974db1333a5b63e6a1df550c36c0d5f9a263911d6732812bd02e938b30be324dcbbb9da3ef9bf5a84849e0dd911f56544003d3c09e8eee12504de
  languageName: node
  linkType: hard

"shebang-command@npm:^2.0.0":
  version: 2.0.0
  resolution: "shebang-command@npm:2.0.0"
  dependencies:
    shebang-regex: "npm:^3.0.0"
  checksum: 10c0/a41692e7d89a553ef21d324a5cceb5f686d1f3c040759c50aab69688634688c5c327f26f3ecf7001ebfd78c01f3c7c0a11a7c8bfd0a8bc9f6240d4f40b224e4e
  languageName: node
  linkType: hard

"shebang-regex@npm:^3.0.0":
  version: 3.0.0
  resolution: "shebang-regex@npm:3.0.0"
  checksum: 10c0/1dbed0726dd0e1152a92696c76c7f06084eb32a90f0528d11acd764043aacf76994b2fb30aa1291a21bd019d6699164d048286309a278855ee7bec06cf6fb690
  languageName: node
  linkType: hard

"signal-exit@npm:^3.0.3":
  version: 3.0.7
  resolution: "signal-exit@npm:3.0.7"
  checksum: 10c0/25d272fa73e146048565e08f3309d5b942c1979a6f4a58a8c59d5fa299728e9c2fcd1a759ec870863b1fd38653670240cd420dad2ad9330c71f36608a6a1c912
  languageName: node
  linkType: hard

"sonic-boom@npm:^4.0.1":
  version: 4.2.0
  resolution: "sonic-boom@npm:4.2.0"
  dependencies:
    atomic-sleep: "npm:^1.0.0"
  checksum: 10c0/ae897e6c2cd6d3cb7cdcf608bc182393b19c61c9413a85ce33ffd25891485589f39bece0db1de24381d0a38fc03d08c9862ded0c60f184f1b852f51f97af9684
  languageName: node
  linkType: hard

"split2@npm:^4.0.0":
  version: 4.2.0
  resolution: "split2@npm:4.2.0"
  checksum: 10c0/b292beb8ce9215f8c642bb68be6249c5a4c7f332fc8ecadae7be5cbdf1ea95addc95f0459ef2e7ad9d45fd1064698a097e4eb211c83e772b49bc0ee423e91534
  languageName: node
  linkType: hard

"strip-final-newline@npm:^2.0.0":
  version: 2.0.0
  resolution: "strip-final-newline@npm:2.0.0"
  checksum: 10c0/bddf8ccd47acd85c0e09ad7375409d81653f645fda13227a9d459642277c253d877b68f2e5e4d819fe75733b0e626bac7e954c04f3236f6d196f79c94fa4a96f
  languageName: node
  linkType: hard

"strip-json-comments@npm:^5.0.2":
  version: 5.0.3
  resolution: "strip-json-comments@npm:5.0.3"
  checksum: 10c0/daaf20b29f69fb51112698f4a9a662490dbb78d5baf6127c75a0a83c2ac6c078a8c0f74b389ad5e0519d6fc359c4a57cb9971b1ae201aef62ce45a13247791e0
  languageName: node
  linkType: hard

"thread-stream@npm:^4.0.0":
  version: 4.0.0
  resolution: "thread-stream@npm:4.0.0"
  dependencies:
    real-require: "npm:^0.2.0"
  checksum: 10c0/f0a47a673af574062df20140ec3e857d679365253fcaa98a76c167c9a053ee03291f4b25bd89b078c7f6a48f07f49d5a49e4f5598bb1c8a263ec15955a018fbd
  languageName: node
  linkType: hard

"tr46@npm:~0.0.3":
  version: 0.0.3
  resolution: "tr46@npm:0.0.3"
  checksum: 10c0/047cb209a6b60c742f05c9d3ace8fa510bff609995c129a37ace03476a9b12db4dbf975e74600830ef0796e18882b2381fb5fb1f6b4f96b832c374de3ab91a11
  languageName: node
  linkType: hard

"undici-types@npm:~7.16.0":
  version: 7.16.0
  resolution: "undici-types@npm:7.16.0"
  checksum: 10c0/3033e2f2b5c9f1504bdc5934646cb54e37ecaca0f9249c983f7b1fc2e87c6d18399ebb05dc7fd5419e02b2e915f734d872a65da2e3eeed1813951c427d33cc9a
  languageName: node
  linkType: hard

"undici@npm:^7.21.0":
  version: 7.21.0
  resolution: "undici@npm:7.21.0"
  checksum: 10c0/ec5d7524125ac9c392a8a67b84fe4f9301936ca6b2afd7be12e73ab98726e55761dc9624ac10361d2f346e6fdaf66043381a62f7d0b565facd61bbfda975a586
  languageName: node
  linkType: hard

"webidl-conversions@npm:^3.0.0":
  version: 3.0.1
  resolution: "webidl-conversions@npm:3.0.1"
  checksum: 10c0/5612d5f3e54760a797052eb4927f0ddc01383550f542ccd33d5238cfd65aeed392a45ad38364970d0a0f4fea32e1f4d231b3d8dac4a3bdd385e5cf802ae097db
  languageName: node
  linkType: hard

"whatwg-url@npm:^5.0.0":
  version: 5.0.0
  resolution: "whatwg-url@npm:5.0.0"
  dependencies:
    tr46: "npm:~0.0.3"
    webidl-conversions: "npm:^3.0.0"
  checksum: 10c0/1588bed84d10b72d5eec1d0faa0722ba1962f1821e7539c535558fb5398d223b0c50d8acab950b8c488b4ba69043fd833cc2697056b167d8ad46fac3995a55d5
  languageName: node
  linkType: hard

"which@npm:^2.0.1":
  version: 2.0.2
  resolution: "which@npm:2.0.2"
  dependencies:
    isexe: "npm:^2.0.0"
  bin:
    node-which: ./bin/node-which
  checksum: 10c0/66522872a768b60c2a65a57e8ad184e5372f5b6a9ca6d5f033d4b0dc98aff63995655a7503b9c0a2598936f532120e81dd8cc155e2e92ed662a2b9377cc4374f
  languageName: node
  linkType: hard

"which@npm:^4.0.0":
  version: 4.0.0
  resolution: "which@npm:4.0.0"
  dependencies:
    isexe: "npm:^3.1.1"
  bin:
    node-which: bin/which.js
  checksum: 10c0/449fa5c44ed120ccecfe18c433296a4978a7583bf2391c50abce13f76878d2476defde04d0f79db8165bdf432853c1f8389d0485ca6e8ebce3bbcded513d5e6a
  languageName: node
  linkType: hard

"wrappy@npm:1":
  version: 1.0.2
  resolution: "wrappy@npm:1.0.2"
  checksum: 10c0/56fece1a4018c6a6c8e28fbc88c87e0fbf4ea8fd64fc6c63b18f4acc4bd13e0ad2515189786dd2c30d3eec9663d70f4ecf699330002f8ccb547e4a18231fc9f0
  languageName: node
  linkType: hard
